
Microsoft Visual Studio Solution File, Format Version 12.00
# Visual Studio Version 17
VisualStudioVersion = 17.2.32616.157
MinimumVisualStudioVersion = 10.0.40219.1
Project("{8BC9CEB8-8B4A-11D0-8D11-00A0C91BC942}") = "ExamDecember2022", "ExamDecember2022\ExamDecember2022.vcxproj", "{76200F60-83A7-47E6-8BFC-AAC02F83918E}"
EndProject
Global
	GlobalSection(SolutionConfigurationPlatforms) = preSolution
		Debug|x64 = Debug|x64
		Debug|x86 = Debug|x86
		Release|x64 = Release|x64
		Release|x86 = Release|x86
	EndGlobalSection
	GlobalSection(ProjectConfigurationPlatforms) = postSolution
		{76200F60-83A7-47E6-8BFC-AAC02F83918E}.Debug|x64.ActiveCfg = Debug|x64
		{76200F60-83A7-47E6-8BFC-AAC02F83918E}.Debug|x64.Build.0 = Debug|x64
		{76200F60-83A7-47E6-8BFC-AAC02F83918E}.Debug|x86.ActiveCfg = Debug|Win32
		{76200F60-83A7-47E6-8BFC-AAC02F83918E}.Debug|x86.Build.0 = Debug|Win32
		{76200F60-83A7-47E6-8BFC-AAC02F83918E}.Release|x64.ActiveCfg = Release|x64
		{76200F60-83A7-47E6-8BFC-AAC02F83918E}.Release|x64.Build.0 = Release|x64
		{76200F60-83A7-47E6-8BFC-AAC02F83918E}.Release|x86.ActiveCfg = Release|Win32
		{76200F60-83A7-47E6-8BFC-AAC02F83918E}.Release|x86.Build.0 = Release|Win32
	EndGlobalSection
	GlobalSection(SolutionProperties) = preSolution
		HideSolutionNode = FALSE
	EndGlobalSection
	GlobalSection(ExtensibilityGlobals) = postSolution
		SolutionGuid = {57C8C7CC-5ED4-4A6F-9001-E0F9DC81025D}
	EndGlobalSection
EndGlobal
